
Microsoft Visual Studio Solution File, Format Version 11.00
# Visual Studio 2010
Project("{FAE04EC0-301F-11D3-BF4B-00C04F79EFBC}") = "AccesssExample", "AccesssExample\AccesssExample.csproj", "{D54AF0C5-9519-4FC7-B560-2F49FF15AE90}"
EndProject
Global
	GlobalSection(SolutionConfigurationPlatforms) = preSolution
		Debug|Any CPU = Debug|Any CPU
		Release|Any CPU = Release|Any CPU
	EndGlobalSection
	GlobalSection(ProjectConfigurationPlatforms) = postSolution
		{D54AF0C5-9519-4FC7-B560-2F49FF15AE90}.Debug|Any CPU.ActiveCfg = Debug|Any CPU
		{D54AF0C5-9519-4FC7-B560-2F49FF15AE90}.Debug|Any CPU.Build.0 = Debug|Any CPU
		{D54AF0C5-9519-4FC7-B560-2F49FF15AE90}.Release|Any CPU.ActiveCfg = Release|Any CPU
		{D54AF0C5-9519-4FC7-B560-2F49FF15AE90}.Release|Any CPU.Build.0 = Release|Any CPU
	EndGlobalSection
	GlobalSection(SolutionProperties) = preSolution
		HideSolutionNode = FALSE
	EndGlobalSection
EndGlobal
