
Microsoft Visual Studio Solution File, Format Version 11.00
# Visual Studio 2010
Project("{FAE04EC0-301F-11D3-BF4B-00C04F79EFBC}") = "Flipkart", "Registration\Flipkart.csproj", "{94B41F83-7DD6-4B34-82B1-F6C1279D9702}"
EndProject
Project("{E24C65DC-7377-472B-9ABA-BC803B73C61A}") = "HTML", "..\..\..\CGIWeb\Wensite\HTML\", "{13FAEF95-3056-4537-88CA-1159B5AC4106}"
	ProjectSection(WebsiteProperties) = preProject
		TargetFrameworkMoniker = ".NETFramework,Version%3Dv4.0"
		Debug.AspNetCompiler.VirtualPath = "/HTML"
		Debug.AspNetCompiler.PhysicalPath = "..\..\..\CGIWeb\Wensite\HTML\"
		Debug.AspNetCompiler.TargetPath = "PrecompiledWeb\HTML\"
		Debug.AspNetCompiler.Updateable = "true"
		Debug.AspNetCompiler.ForceOverwrite = "true"
		Debug.AspNetCompiler.FixedNames = "false"
		Debug.AspNetCompiler.Debug = "True"
		Release.AspNetCompiler.VirtualPath = "/HTML"
		Release.AspNetCompiler.PhysicalPath = "..\..\..\CGIWeb\Wensite\HTML\"
		Release.AspNetCompiler.TargetPath = "PrecompiledWeb\HTML\"
		Release.AspNetCompiler.Updateable = "true"
		Release.AspNetCompiler.ForceOverwrite = "true"
		Release.AspNetCompiler.FixedNames = "false"
		Release.AspNetCompiler.Debug = "False"
		VWDPort = "1961"
	EndProjectSection
EndProject
Global
	GlobalSection(SolutionConfigurationPlatforms) = preSolution
		Debug|Any CPU = Debug|Any CPU
		Release|Any CPU = Release|Any CPU
	EndGlobalSection
	GlobalSection(ProjectConfigurationPlatforms) = postSolution
		{94B41F83-7DD6-4B34-82B1-F6C1279D9702}.Debug|Any CPU.ActiveCfg = Debug|Any CPU
		{94B41F83-7DD6-4B34-82B1-F6C1279D9702}.Debug|Any CPU.Build.0 = Debug|Any CPU
		{94B41F83-7DD6-4B34-82B1-F6C1279D9702}.Release|Any CPU.ActiveCfg = Release|Any CPU
		{94B41F83-7DD6-4B34-82B1-F6C1279D9702}.Release|Any CPU.Build.0 = Release|Any CPU
		{13FAEF95-3056-4537-88CA-1159B5AC4106}.Debug|Any CPU.ActiveCfg = Debug|Any CPU
		{13FAEF95-3056-4537-88CA-1159B5AC4106}.Debug|Any CPU.Build.0 = Debug|Any CPU
		{13FAEF95-3056-4537-88CA-1159B5AC4106}.Release|Any CPU.ActiveCfg = Debug|Any CPU
		{13FAEF95-3056-4537-88CA-1159B5AC4106}.Release|Any CPU.Build.0 = Debug|Any CPU
	EndGlobalSection
	GlobalSection(SolutionProperties) = preSolution
		HideSolutionNode = FALSE
	EndGlobalSection
EndGlobal
