
Microsoft Visual Studio Solution File, Format Version 11.00
# Visual Studio 2010
Project("{FAE04EC0-301F-11D3-BF4B-00C04F79EFBC}") = "CGI.WindoApp.Day8", "CGI.WindoApp.Day8\CGI.WindoApp.Day8.csproj", "{173BB3CF-5046-490A-B85F-CDE7F64DFA17}"
EndProject
Global
	GlobalSection(SolutionConfigurationPlatforms) = preSolution
		Debug|x86 = Debug|x86
		Release|x86 = Release|x86
	EndGlobalSection
	GlobalSection(ProjectConfigurationPlatforms) = postSolution
		{173BB3CF-5046-490A-B85F-CDE7F64DFA17}.Debug|x86.ActiveCfg = Debug|x86
		{173BB3CF-5046-490A-B85F-CDE7F64DFA17}.Debug|x86.Build.0 = Debug|x86
		{173BB3CF-5046-490A-B85F-CDE7F64DFA17}.Release|x86.ActiveCfg = Release|x86
		{173BB3CF-5046-490A-B85F-CDE7F64DFA17}.Release|x86.Build.0 = Release|x86
	EndGlobalSection
	GlobalSection(SolutionProperties) = preSolution
		HideSolutionNode = FALSE
	EndGlobalSection
EndGlobal
